
Microsoft Visual Studio Solution File, Format Version 12.00
# Visual Studio Version 17
VisualStudioVersion = 17.0.31903.59
MinimumVisualStudioVersion = 10.0.40219.1
Project("{2150E333-8FDC-42A3-9474-1A3956D46DE8}") = "src", "src", "{06A11408-AE9D-4413-BBEE-AB0BEC3D6EC4}"
EndProject
Project("{2150E333-8FDC-42A3-9474-1A3956D46DE8}") = "services", "services", "{3DDDBC26-33F3-434B-A865-EFD346809096}"
EndProject
Project("{2150E333-8FDC-42A3-9474-1A3956D46DE8}") = "BenchmarkCar", "BenchmarkCar", "{97E77D26-428B-44F5-BD92-5E540BA6E3CA}"
EndProject
Project("{FAE04EC0-301F-11D3-BF4B-00C04F79EFBC}") = "BenchmarkCar.Ui.Api", "src\services\BenchmarkCar\BenchmarkCar.Ui.Api\BenchmarkCar.Ui.Api.csproj", "{07A527CF-8E0F-485A-A2E1-0D403F351C51}"
EndProject
Project("{FAE04EC0-301F-11D3-BF4B-00C04F79EFBC}") = "BenchmarkCar.Application", "src\services\BenchmarkCar\BenchmarkCar.Application\BenchmarkCar.Application.csproj", "{8B8E001F-6236-4A16-8056-42897B329576}"
EndProject
Project("{FAE04EC0-301F-11D3-BF4B-00C04F79EFBC}") = "BenchmarkCar.Domain", "src\services\BenchmarkCar\BenchmarkCar.Domain\BenchmarkCar.Domain.csproj", "{9FEF3451-2054-40C8-BFF9-B3D3B9E34520}"
EndProject
Project("{FAE04EC0-301F-11D3-BF4B-00C04F79EFBC}") = "BenchmarkCar.Infrastructure", "src\services\BenchmarkCar\BenchmarkCar.Infrastructure\BenchmarkCar.Infrastructure.csproj", "{37914542-E469-4150-8D18-C2019DB3600C}"
EndProject
Project("{2150E333-8FDC-42A3-9474-1A3956D46DE8}") = "BuildingBlocks", "BuildingBlocks", "{2E85A050-4740-4A9D-8860-DEAF519B292E}"
EndProject
Project("{2150E333-8FDC-42A3-9474-1A3956D46DE8}") = "EventBus", "EventBus", "{9618746A-3C0B-43BF-8925-8F85E6D99CFA}"
EndProject
Project("{FAE04EC0-301F-11D3-BF4B-00C04F79EFBC}") = "BenchmarkCar.EventBus", "src\BuildingBlocks\EventBus\BenchmarkCar.EventBus\BenchmarkCar.EventBus.csproj", "{74DB12DD-3427-4034-90AE-360B976A6CAC}"
EndProject
Project("{FAE04EC0-301F-11D3-BF4B-00C04F79EFBC}") = "BenchmarkCar.EventBus.Azure", "src\BuildingBlocks\EventBus\BenchmarkCar.EventBus.Azure\BenchmarkCar.EventBus.Azure.csproj", "{D568D415-C037-483F-8481-292B6FCC000A}"
EndProject
Project("{FAE04EC0-301F-11D3-BF4B-00C04F79EFBC}") = "BenchmarkCar.Ui.React", "src\services\BenchmarkCar\BenchmarkCar.Ui.React\BenchmarkCar.Ui.React.csproj", "{DB0ADBC9-6C27-4C12-A552-563569589841}"
EndProject
Global
	GlobalSection(SolutionConfigurationPlatforms) = preSolution
		Debug|Any CPU = Debug|Any CPU
		Release|Any CPU = Release|Any CPU
	EndGlobalSection
	GlobalSection(SolutionProperties) = preSolution
		HideSolutionNode = FALSE
	EndGlobalSection
	GlobalSection(ProjectConfigurationPlatforms) = postSolution
		{07A527CF-8E0F-485A-A2E1-0D403F351C51}.Debug|Any CPU.ActiveCfg = Debug|Any CPU
		{07A527CF-8E0F-485A-A2E1-0D403F351C51}.Debug|Any CPU.Build.0 = Debug|Any CPU
		{07A527CF-8E0F-485A-A2E1-0D403F351C51}.Release|Any CPU.ActiveCfg = Release|Any CPU
		{07A527CF-8E0F-485A-A2E1-0D403F351C51}.Release|Any CPU.Build.0 = Release|Any CPU
		{8B8E001F-6236-4A16-8056-42897B329576}.Debug|Any CPU.ActiveCfg = Debug|Any CPU
		{8B8E001F-6236-4A16-8056-42897B329576}.Debug|Any CPU.Build.0 = Debug|Any CPU
		{8B8E001F-6236-4A16-8056-42897B329576}.Release|Any CPU.ActiveCfg = Release|Any CPU
		{8B8E001F-6236-4A16-8056-42897B329576}.Release|Any CPU.Build.0 = Release|Any CPU
		{9FEF3451-2054-40C8-BFF9-B3D3B9E34520}.Debug|Any CPU.ActiveCfg = Debug|Any CPU
		{9FEF3451-2054-40C8-BFF9-B3D3B9E34520}.Debug|Any CPU.Build.0 = Debug|Any CPU
		{9FEF3451-2054-40C8-BFF9-B3D3B9E34520}.Release|Any CPU.ActiveCfg = Release|Any CPU
		{9FEF3451-2054-40C8-BFF9-B3D3B9E34520}.Release|Any CPU.Build.0 = Release|Any CPU
		{37914542-E469-4150-8D18-C2019DB3600C}.Debug|Any CPU.ActiveCfg = Debug|Any CPU
		{37914542-E469-4150-8D18-C2019DB3600C}.Debug|Any CPU.Build.0 = Debug|Any CPU
		{37914542-E469-4150-8D18-C2019DB3600C}.Release|Any CPU.ActiveCfg = Release|Any CPU
		{37914542-E469-4150-8D18-C2019DB3600C}.Release|Any CPU.Build.0 = Release|Any CPU
		{74DB12DD-3427-4034-90AE-360B976A6CAC}.Debug|Any CPU.ActiveCfg = Debug|Any CPU
		{74DB12DD-3427-4034-90AE-360B976A6CAC}.Debug|Any CPU.Build.0 = Debug|Any CPU
		{74DB12DD-3427-4034-90AE-360B976A6CAC}.Release|Any CPU.ActiveCfg = Release|Any CPU
		{74DB12DD-3427-4034-90AE-360B976A6CAC}.Release|Any CPU.Build.0 = Release|Any CPU
		{D568D415-C037-483F-8481-292B6FCC000A}.Debug|Any CPU.ActiveCfg = Debug|Any CPU
		{D568D415-C037-483F-8481-292B6FCC000A}.Debug|Any CPU.Build.0 = Debug|Any CPU
		{D568D415-C037-483F-8481-292B6FCC000A}.Release|Any CPU.ActiveCfg = Release|Any CPU
		{D568D415-C037-483F-8481-292B6FCC000A}.Release|Any CPU.Build.0 = Release|Any CPU
		{DB0ADBC9-6C27-4C12-A552-563569589841}.Debug|Any CPU.ActiveCfg = Debug|Any CPU
		{DB0ADBC9-6C27-4C12-A552-563569589841}.Debug|Any CPU.Build.0 = Debug|Any CPU
		{DB0ADBC9-6C27-4C12-A552-563569589841}.Release|Any CPU.ActiveCfg = Release|Any CPU
		{DB0ADBC9-6C27-4C12-A552-563569589841}.Release|Any CPU.Build.0 = Release|Any CPU
	EndGlobalSection
	GlobalSection(NestedProjects) = preSolution
		{3DDDBC26-33F3-434B-A865-EFD346809096} = {06A11408-AE9D-4413-BBEE-AB0BEC3D6EC4}
		{97E77D26-428B-44F5-BD92-5E540BA6E3CA} = {3DDDBC26-33F3-434B-A865-EFD346809096}
		{07A527CF-8E0F-485A-A2E1-0D403F351C51} = {97E77D26-428B-44F5-BD92-5E540BA6E3CA}
		{8B8E001F-6236-4A16-8056-42897B329576} = {97E77D26-428B-44F5-BD92-5E540BA6E3CA}
		{9FEF3451-2054-40C8-BFF9-B3D3B9E34520} = {97E77D26-428B-44F5-BD92-5E540BA6E3CA}
		{37914542-E469-4150-8D18-C2019DB3600C} = {97E77D26-428B-44F5-BD92-5E540BA6E3CA}
		{2E85A050-4740-4A9D-8860-DEAF519B292E} = {06A11408-AE9D-4413-BBEE-AB0BEC3D6EC4}
		{9618746A-3C0B-43BF-8925-8F85E6D99CFA} = {2E85A050-4740-4A9D-8860-DEAF519B292E}
		{74DB12DD-3427-4034-90AE-360B976A6CAC} = {9618746A-3C0B-43BF-8925-8F85E6D99CFA}
		{D568D415-C037-483F-8481-292B6FCC000A} = {9618746A-3C0B-43BF-8925-8F85E6D99CFA}
		{DB0ADBC9-6C27-4C12-A552-563569589841} = {97E77D26-428B-44F5-BD92-5E540BA6E3CA}
	EndGlobalSection
EndGlobal
