
Microsoft Visual Studio Solution File, Format Version 12.00
# Visual Studio Version 17
VisualStudioVersion = 17.0.31903.59
MinimumVisualStudioVersion = 10.0.40219.1
Project("{2150E333-8FDC-42A3-9474-1A3956D46DE8}") = "src", "src", "{C20098EC-98EA-475B-BA2C-DEAA07453E79}"
EndProject
Project("{2150E333-8FDC-42A3-9474-1A3956D46DE8}") = "services", "services", "{66C4CED5-2091-42F7-9847-A6DC64BCCD7F}"
EndProject
Project("{2150E333-8FDC-42A3-9474-1A3956D46DE8}") = "BenchmarkCar", "BenchmarkCar", "{F0019C94-FD47-45C6-AE13-2965C8B9BCA6}"
EndProject
Project("{2150E333-8FDC-42A3-9474-1A3956D46DE8}") = "core", "core", "{9B3601EA-0226-41DC-ADA8-86E091B78025}"
EndProject
Project("{FAE04EC0-301F-11D3-BF4B-00C04F79EFBC}") = "BenchmarkCar.Domain", "src\services\BenchmarkCar\core\BenchmarkCar.Domain\BenchmarkCar.Domain.csproj", "{AD6BCF9C-D532-4A2B-88EB-8A35913AB8D5}"
EndProject
Project("{FAE04EC0-301F-11D3-BF4B-00C04F79EFBC}") = "BenchmarkCar.Application", "src\services\BenchmarkCar\core\BenchmarkCar.Application\BenchmarkCar.Application.csproj", "{6EFEAE1F-1A46-4296-963B-20C48B2AD411}"
EndProject
Global
	GlobalSection(SolutionConfigurationPlatforms) = preSolution
		Debug|Any CPU = Debug|Any CPU
		Release|Any CPU = Release|Any CPU
	EndGlobalSection
	GlobalSection(SolutionProperties) = preSolution
		HideSolutionNode = FALSE
	EndGlobalSection
	GlobalSection(ProjectConfigurationPlatforms) = postSolution
		{AD6BCF9C-D532-4A2B-88EB-8A35913AB8D5}.Debug|Any CPU.ActiveCfg = Debug|Any CPU
		{AD6BCF9C-D532-4A2B-88EB-8A35913AB8D5}.Debug|Any CPU.Build.0 = Debug|Any CPU
		{AD6BCF9C-D532-4A2B-88EB-8A35913AB8D5}.Release|Any CPU.ActiveCfg = Release|Any CPU
		{AD6BCF9C-D532-4A2B-88EB-8A35913AB8D5}.Release|Any CPU.Build.0 = Release|Any CPU
		{6EFEAE1F-1A46-4296-963B-20C48B2AD411}.Debug|Any CPU.ActiveCfg = Debug|Any CPU
		{6EFEAE1F-1A46-4296-963B-20C48B2AD411}.Debug|Any CPU.Build.0 = Debug|Any CPU
		{6EFEAE1F-1A46-4296-963B-20C48B2AD411}.Release|Any CPU.ActiveCfg = Release|Any CPU
		{6EFEAE1F-1A46-4296-963B-20C48B2AD411}.Release|Any CPU.Build.0 = Release|Any CPU
	EndGlobalSection
	GlobalSection(NestedProjects) = preSolution
		{66C4CED5-2091-42F7-9847-A6DC64BCCD7F} = {C20098EC-98EA-475B-BA2C-DEAA07453E79}
		{F0019C94-FD47-45C6-AE13-2965C8B9BCA6} = {66C4CED5-2091-42F7-9847-A6DC64BCCD7F}
		{9B3601EA-0226-41DC-ADA8-86E091B78025} = {F0019C94-FD47-45C6-AE13-2965C8B9BCA6}
		{AD6BCF9C-D532-4A2B-88EB-8A35913AB8D5} = {9B3601EA-0226-41DC-ADA8-86E091B78025}
		{6EFEAE1F-1A46-4296-963B-20C48B2AD411} = {9B3601EA-0226-41DC-ADA8-86E091B78025}
	EndGlobalSection
EndGlobal
