
Microsoft Visual Studio Solution File, Format Version 12.00
# Visual Studio Version 17
VisualStudioVersion = 17.0.31903.59
MinimumVisualStudioVersion = 10.0.40219.1
Project("{2150E333-8FDC-42A3-9474-1A3956D46DE8}") = "src", "src", "{F7ECB80B-07B3-4908-8588-747A7BA6232A}"
EndProject
Project("{2150E333-8FDC-42A3-9474-1A3956D46DE8}") = "core", "core", "{6D3C0056-75F5-4603-93DA-036EFA950483}"
EndProject
Project("{FAE04EC0-301F-11D3-BF4B-00C04F79EFBC}") = "BenchmarkCar.Domain", "src\core\BenchmarkCar.Domain\BenchmarkCar.Domain.csproj", "{11A100A8-3B71-430B-8445-1FC5605ACC59}"
EndProject
Global
	GlobalSection(SolutionConfigurationPlatforms) = preSolution
		Debug|Any CPU = Debug|Any CPU
		Release|Any CPU = Release|Any CPU
	EndGlobalSection
	GlobalSection(SolutionProperties) = preSolution
		HideSolutionNode = FALSE
	EndGlobalSection
	GlobalSection(ProjectConfigurationPlatforms) = postSolution
		{11A100A8-3B71-430B-8445-1FC5605ACC59}.Debug|Any CPU.ActiveCfg = Debug|Any CPU
		{11A100A8-3B71-430B-8445-1FC5605ACC59}.Debug|Any CPU.Build.0 = Debug|Any CPU
		{11A100A8-3B71-430B-8445-1FC5605ACC59}.Release|Any CPU.ActiveCfg = Release|Any CPU
		{11A100A8-3B71-430B-8445-1FC5605ACC59}.Release|Any CPU.Build.0 = Release|Any CPU
	EndGlobalSection
	GlobalSection(NestedProjects) = preSolution
		{6D3C0056-75F5-4603-93DA-036EFA950483} = {F7ECB80B-07B3-4908-8588-747A7BA6232A}
		{11A100A8-3B71-430B-8445-1FC5605ACC59} = {6D3C0056-75F5-4603-93DA-036EFA950483}
	EndGlobalSection
EndGlobal
